
Microsoft Visual Studio Solution File, Format Version 12.00
# Visual Studio Version 17
VisualStudioVersion = 17.8.34330.188
MinimumVisualStudioVersion = 10.0.40219.1
Project("{FAE04EC0-301F-11D3-BF4B-00C04F79EFBC}") = "Labcorp.API", "Labcorp.API\Labcorp.API.csproj", "{6C4F9D51-DB3B-4C14-B94B-718FD6B4AE61}"
EndProject
Global
	GlobalSection(SolutionConfigurationPlatforms) = preSolution
		Debug|Any CPU = Debug|Any CPU
		Release|Any CPU = Release|Any CPU
	EndGlobalSection
	GlobalSection(ProjectConfigurationPlatforms) = postSolution
		{6C4F9D51-DB3B-4C14-B94B-718FD6B4AE61}.Debug|Any CPU.ActiveCfg = Debug|Any CPU
		{6C4F9D51-DB3B-4C14-B94B-718FD6B4AE61}.Debug|Any CPU.Build.0 = Debug|Any CPU
		{6C4F9D51-DB3B-4C14-B94B-718FD6B4AE61}.Release|Any CPU.ActiveCfg = Release|Any CPU
		{6C4F9D51-DB3B-4C14-B94B-718FD6B4AE61}.Release|Any CPU.Build.0 = Release|Any CPU
	EndGlobalSection
	GlobalSection(SolutionProperties) = preSolution
		HideSolutionNode = FALSE
	EndGlobalSection
	GlobalSection(ExtensibilityGlobals) = postSolution
		SolutionGuid = {2C67F0E1-8348-45DA-AAFD-8890C9776899}
	EndGlobalSection
EndGlobal
